
Microsoft Visual Studio Solution File, Format Version 12.00
# Visual Studio Version 16
VisualStudioVersion = 16.0.29215.179
MinimumVisualStudioVersion = 10.0.40219.1
Project("{FAE04EC0-301F-11D3-BF4B-00C04F79EFBC}") = "ProjectTRPO Kabanen", "ProjectTRPO Kabanen\ProjectTRPO Kabanen.csproj", "{5AE242C9-8188-4C90-9E84-CF888E81EC62}"
EndProject
Global
	GlobalSection(SolutionConfigurationPlatforms) = preSolution
		Debug|Any CPU = Debug|Any CPU
		Release|Any CPU = Release|Any CPU
	EndGlobalSection
	GlobalSection(ProjectConfigurationPlatforms) = postSolution
		{5AE242C9-8188-4C90-9E84-CF888E81EC62}.Debug|Any CPU.ActiveCfg = Debug|Any CPU
		{5AE242C9-8188-4C90-9E84-CF888E81EC62}.Debug|Any CPU.Build.0 = Debug|Any CPU
		{5AE242C9-8188-4C90-9E84-CF888E81EC62}.Release|Any CPU.ActiveCfg = Release|Any CPU
		{5AE242C9-8188-4C90-9E84-CF888E81EC62}.Release|Any CPU.Build.0 = Release|Any CPU
	EndGlobalSection
	GlobalSection(SolutionProperties) = preSolution
		HideSolutionNode = FALSE
	EndGlobalSection
	GlobalSection(ExtensibilityGlobals) = postSolution
		SolutionGuid = {88DAEE62-1684-4BF5-B654-313DF25B819E}
	EndGlobalSection
EndGlobal
